# This file is automatically @generated by Cargo.
# It is not intended for manual editing.
[[package]]
name = "box_drawing"
version = "0.1.2"
source = "registry+https://github.com/rust-lang/crates.io-index"
checksum = "ea27d8d5fd867b17523bf6788b1175fa9867f34669d057e9adaf76e27bcea44b"

[[package]]
name = "cli-app"
version = "0.1.0"
dependencies = [
 "box_drawing",
]
